
Microsoft Visual Studio Solution File, Format Version 12.00
# Visual Studio Version 17
VisualStudioVersion = 17.7.34221.43
MinimumVisualStudioVersion = 10.0.40219.1
Project("{8BC9CEB8-8B4A-11D0-8D11-00A0C91BC942}") = "exercise1-1", "exercise1-1\exercise1-1.vcxproj", "{30D83C62-8300-40A4-A235-1FE250634334}"
EndProject
Project("{8BC9CEB8-8B4A-11D0-8D11-00A0C91BC942}") = "exercise2-1", "exercise2-1\exercise2-1.vcxproj", "{E6666A4D-4FD7-43D0-8DE7-883C3443C6B1}"
EndProject
Project("{8BC9CEB8-8B4A-11D0-8D11-00A0C91BC942}") = "exercise3-1", "exercise3-1\exercise3-1.vcxproj", "{51E6A0F0-80F9-4225-9CD9-EFB64C274756}"
EndProject
Project("{8BC9CEB8-8B4A-11D0-8D11-00A0C91BC942}") = "exercise4-1", "exercise4-1\exercise4-1.vcxproj", "{05F1A0E9-C559-42CF-A7A2-0BBC7C2A969A}"
EndProject
Project("{8BC9CEB8-8B4A-11D0-8D11-00A0C91BC942}") = "exercise4-2", "exercise4-2\exercise4-2.vcxproj", "{E4D8C9C2-0006-46C0-998A-B1E85E4BA3A0}"
EndProject
Project("{8BC9CEB8-8B4A-11D0-8D11-00A0C91BC942}") = "exercise4-3", "exercise4-3\exercise4-3.vcxproj", "{CBCDB3FE-3B99-4593-AF9B-35FAD9DD1122}"
EndProject
Project("{8BC9CEB8-8B4A-11D0-8D11-00A0C91BC942}") = "exercise4-4", "exercise4-4\exercise4-4.vcxproj", "{F2F4CAF9-7BA8-4A84-9684-BAF328FC1874}"
EndProject
Project("{8BC9CEB8-8B4A-11D0-8D11-00A0C91BC942}") = "exercise4-5", "exercise4-5\exercise4-5.vcxproj", "{9C56F07C-AC8A-441F-BC18-05F2A637335F}"
EndProject
Project("{8BC9CEB8-8B4A-11D0-8D11-00A0C91BC942}") = "exercise4-6", "exercise4-7\exercise4-7.vcxproj", "{5E1E1C3A-CF50-45E1-899B-0EB54BAF7456}"
EndProject
Project("{8BC9CEB8-8B4A-11D0-8D11-00A0C91BC942}") = "exercise4-7", "exercise4-6\exercise4-6.vcxproj", "{7B810ED9-03E3-4248-93A7-3F48B2EA6E0C}"
EndProject
Project("{8BC9CEB8-8B4A-11D0-8D11-00A0C91BC942}") = "exercise4-8", "exercise4-8\exercise4-8.vcxproj", "{F31F82C7-5126-44EE-935B-ED4BBE310B4E}"
EndProject
Project("{8BC9CEB8-8B4A-11D0-8D11-00A0C91BC942}") = "exercise4-9", "exercise4-9\exercise4-9.vcxproj", "{10238F8D-FC45-4752-A68F-09DE4229A734}"
EndProject
Project("{8BC9CEB8-8B4A-11D0-8D11-00A0C91BC942}") = "exercise4-10", "exercise4-10\exercise4-10.vcxproj", "{E978F506-F8AA-428B-8EC3-3ADD2F93EC9E}"
EndProject
Project("{8BC9CEB8-8B4A-11D0-8D11-00A0C91BC942}") = "exercise4-11", "exercise4-11\exercise4-11.vcxproj", "{58959BB4-DD13-48B8-9E9E-E8F7F684A1F2}"
EndProject
Project("{8BC9CEB8-8B4A-11D0-8D11-00A0C91BC942}") = "exercise4-12", "exercise4-12\exercise4-12.vcxproj", "{0BCD4118-1C9D-42A5-A5EC-1292F906F4F6}"
EndProject
Project("{8BC9CEB8-8B4A-11D0-8D11-00A0C91BC942}") = "exercise4-13", "exercise4-13\exercise4-13.vcxproj", "{E7B08909-4605-4BB9-A742-4A5DD55AA05B}"
EndProject
Project("{8BC9CEB8-8B4A-11D0-8D11-00A0C91BC942}") = "exercise4-14", "exercise4-14\exercise4-14.vcxproj", "{7A3B0EDC-3586-447B-91E5-193CCC5C0601}"
EndProject
Project("{8BC9CEB8-8B4A-11D0-8D11-00A0C91BC942}") = "exercise4-15", "exercise4-15\exercise4-15.vcxproj", "{A1E10F8C-EF4B-41F7-A547-677563063358}"
EndProject
Project("{8BC9CEB8-8B4A-11D0-8D11-00A0C91BC942}") = "exercise4-16", "exercise4-16\exercise4-16.vcxproj", "{6BC6D1AA-09DC-489D-9DF3-55DC770AE82A}"
EndProject
Project("{8BC9CEB8-8B4A-11D0-8D11-00A0C91BC942}") = "exercise5-1", "exercise5-1\exercise5-1.vcxproj", "{798B8078-C1FB-4F9C-A61F-9A5AE3E626E6}"
EndProject
Project("{8BC9CEB8-8B4A-11D0-8D11-00A0C91BC942}") = "exercise5-2", "exercise5-2\exercise5-2.vcxproj", "{532F954E-36B1-4408-82DF-72524BAFB41F}"
EndProject
Project("{8BC9CEB8-8B4A-11D0-8D11-00A0C91BC942}") = "exercise5-3", "exercise5-3\exercise5-3.vcxproj", "{4E3BA468-C632-40BB-AEA0-E0AB00274803}"
EndProject
Project("{8BC9CEB8-8B4A-11D0-8D11-00A0C91BC942}") = "exercise5-4", "exercise5-4\exercise5-4.vcxproj", "{20D982E2-AD44-46E3-8B1F-001C9640EDEC}"
EndProject
Project("{8BC9CEB8-8B4A-11D0-8D11-00A0C91BC942}") = "exercise5-5", "exercise5-5\exercise5-5.vcxproj", "{3D79C0AC-8D2A-4359-96AC-4CD03A8D2826}"
EndProject
Project("{8BC9CEB8-8B4A-11D0-8D11-00A0C91BC942}") = "exercise6-1", "exercise6-1\exercise6-1.vcxproj", "{027711CD-C22C-49C7-8542-C22C070C4889}"
EndProject
Project("{8BC9CEB8-8B4A-11D0-8D11-00A0C91BC942}") = "exercise6-2", "exercise6-2\exercise6-2.vcxproj", "{290ADC9B-E694-4FDE-849A-358C7494480A}"
EndProject
Project("{8BC9CEB8-8B4A-11D0-8D11-00A0C91BC942}") = "exercise6-3", "exercise6-3\exercise6-3.vcxproj", "{87A5F0EE-A173-4432-B1E5-F557FC7DA2D2}"
EndProject
Project("{8BC9CEB8-8B4A-11D0-8D11-00A0C91BC942}") = "exercise6-4", "exercise6-4\exercise6-4.vcxproj", "{C850FEDA-4D17-4D91-B4FC-12D793DB0417}"
EndProject
Project("{8BC9CEB8-8B4A-11D0-8D11-00A0C91BC942}") = "exercise6-6", "exercise6-6\exercise6-6.vcxproj", "{C4A161D0-6CB4-4099-8573-88FF54632FB7}"
EndProject
Project("{8BC9CEB8-8B4A-11D0-8D11-00A0C91BC942}") = "exercise6-7", "exercise6-7\exercise6-7.vcxproj", "{CCB24172-54D1-4E42-AC0F-A400F2EE9889}"
EndProject
Project("{8BC9CEB8-8B4A-11D0-8D11-00A0C91BC942}") = "exercise6-8", "exercise6-8\exercise6-8.vcxproj", "{F5EAC74D-12D2-4361-B0DA-5E6EAE4163F8}"
EndProject
Project("{8BC9CEB8-8B4A-11D0-8D11-00A0C91BC942}") = "exercise6-10", "exercise6-10\exercise6-10.vcxproj", "{BE675EFE-A320-45FF-94FC-019CEED599FC}"
EndProject
Project("{8BC9CEB8-8B4A-11D0-8D11-00A0C91BC942}") = "exercise6-11", "exercise6-11\exercise6-11.vcxproj", "{6B2F6030-68CC-499B-AE04-56321CA34725}"
EndProject
Project("{8BC9CEB8-8B4A-11D0-8D11-00A0C91BC942}") = "exercise6-12", "exercise6-12\exercise6-12.vcxproj", "{9A181498-98F6-4562-AC67-22E33A89EDFE}"
EndProject
Project("{8BC9CEB8-8B4A-11D0-8D11-00A0C91BC942}") = "exercise6-13", "exercise6-13\exercise6-13.vcxproj", "{2C87E301-770C-436F-A1AC-48B9D9E544BB}"
EndProject
Project("{8BC9CEB8-8B4A-11D0-8D11-00A0C91BC942}") = "exercise6-16", "exercise6-16\exercise6-16.vcxproj", "{ABA280FD-4619-4E3A-AA58-153B06521B5B}"
EndProject
Project("{8BC9CEB8-8B4A-11D0-8D11-00A0C91BC942}") = "exercise6-17", "exercise6-17\exercise6-17.vcxproj", "{013E4BDB-A49A-4A34-B559-72F1ABF6F48F}"
EndProject
Project("{8BC9CEB8-8B4A-11D0-8D11-00A0C91BC942}") = "exercise7-1", "exercises7-1\exercises7-1.vcxproj", "{901E1597-BE39-4C43-B6C7-396B31888396}"
EndProject
Project("{8BC9CEB8-8B4A-11D0-8D11-00A0C91BC942}") = "exercise7-2", "exercises-7-2\exercises-7-2.vcxproj", "{88EE0D3C-B36A-4C98-AD0A-4E3F2070CFF0}"
EndProject
Project("{8BC9CEB8-8B4A-11D0-8D11-00A0C91BC942}") = "exercise7-3", "exercise7-3\exercise7-3.vcxproj", "{E95C47B3-0F6F-4EE7-B81C-D3B62A2ABBE0}"
EndProject
Project("{8BC9CEB8-8B4A-11D0-8D11-00A0C91BC942}") = "exercise7-4", "exercise7-4\exercise7-4.vcxproj", "{ED47E3F3-A485-4C21-8DFE-45F3E082265C}"
EndProject
Project("{8BC9CEB8-8B4A-11D0-8D11-00A0C91BC942}") = "exercise7-5", "exercise7-5\exercise7-5.vcxproj", "{62861442-AF9F-4CAA-8081-C4C5352BE2A5}"
EndProject
Project("{8BC9CEB8-8B4A-11D0-8D11-00A0C91BC942}") = "exercise7-7", "exercise7-7\exercise7-7.vcxproj", "{74152A20-24D3-477E-AA54-4800E10EF420}"
EndProject
Project("{8BC9CEB8-8B4A-11D0-8D11-00A0C91BC942}") = "exercise7-10", "exercise7-10\exercise7-10.vcxproj", "{F41B91AA-BB6F-43FD-8F49-1B0936647849}"
EndProject
Project("{8BC9CEB8-8B4A-11D0-8D11-00A0C91BC942}") = "exercise7-12", "exercise7-12\exercise7-12.vcxproj", "{A8A886B3-53AF-4EFE-B701-3A615715AAB8}"
EndProject
Project("{8BC9CEB8-8B4A-11D0-8D11-00A0C91BC942}") = "exercise7-13", "project7-13\project7-13.vcxproj", "{40FFBF8F-3DAB-46DF-A5DC-C2C211AC02D2}"
EndProject
Project("{8BC9CEB8-8B4A-11D0-8D11-00A0C91BC942}") = "exercise8-1", "exercise8-1\exercise8-1.vcxproj", "{A9F558D3-D742-4B22-9B07-42B470969740}"
EndProject
Project("{8BC9CEB8-8B4A-11D0-8D11-00A0C91BC942}") = "exercise8-2", "exercise8-2\exercise8-2.vcxproj", "{EBAE07A1-2318-45C5-AB98-F7731EAE53D3}"
EndProject
Project("{8BC9CEB8-8B4A-11D0-8D11-00A0C91BC942}") = "exercise8-4", "exercise8-4\exercise8-4.vcxproj", "{11E2B8B9-9B43-485A-8640-FA4583E5984C}"
EndProject
Project("{8BC9CEB8-8B4A-11D0-8D11-00A0C91BC942}") = "exercise8-6", "exercise8-6\exercise8-6.vcxproj", "{848A2041-376B-449F-BFD8-44613CE43CBC}"
EndProject
Project("{8BC9CEB8-8B4A-11D0-8D11-00A0C91BC942}") = "exercise8-7", "exercise8-7\exercise8-7.vcxproj", "{3832694C-1BAC-452A-841B-2CB5929D53ED}"
EndProject
Project("{8BC9CEB8-8B4A-11D0-8D11-00A0C91BC942}") = "exercise8-9", "exercise8-9\exercise8-9.vcxproj", "{E8E80754-A033-477D-865E-CBF5F2201C4F}"
EndProject
Project("{8BC9CEB8-8B4A-11D0-8D11-00A0C91BC942}") = "exercise8-11", "exercise8-11\exercise8-11.vcxproj", "{B1F2089E-5F73-47AD-A975-0E1A67A3211F}"
EndProject
Project("{8BC9CEB8-8B4A-11D0-8D11-00A0C91BC942}") = "exercise8-13", "exercise8-13\exercise8-13.vcxproj", "{7A7FD90B-30EC-47CC-A405-830A77DB0202}"
EndProject
Project("{8BC9CEB8-8B4A-11D0-8D11-00A0C91BC942}") = "exercise8-16", "exercise8-16\exercise8-16.vcxproj", "{39E16042-E7C5-4DF2-A585-E9C4B6E6AA9D}"
EndProject
Project("{8BC9CEB8-8B4A-11D0-8D11-00A0C91BC942}") = "exercise8-17", "exercise8-17\exercise8-17.vcxproj", "{468E667B-3B10-44B8-A88D-4CE57B4758A5}"
EndProject
Project("{8BC9CEB8-8B4A-11D0-8D11-00A0C91BC942}") = "exercise8-19", "exercise8-19\exercise8-19.vcxproj", "{51B7E431-22E7-4CA0-B5BF-94CCC5756DB6}"
EndProject
Project("{8BC9CEB8-8B4A-11D0-8D11-00A0C91BC942}") = "exercise9-1", "exercise9-1\exercise9-1.vcxproj", "{0D5DE353-F141-406F-86DA-76B0DCF36077}"
EndProject
Project("{8BC9CEB8-8B4A-11D0-8D11-00A0C91BC942}") = "exercise9-2", "exercise9-2\exercise9-2.vcxproj", "{8FA2DF15-0DB7-47F4-B249-10ECAC9A2515}"
EndProject
Project("{8BC9CEB8-8B4A-11D0-8D11-00A0C91BC942}") = "exercise9-5", "exercise9-5\exercise9-5.vcxproj", "{5D582483-A3AA-4E3D-9A44-7C31BDE09A24}"
EndProject
Project("{8BC9CEB8-8B4A-11D0-8D11-00A0C91BC942}") = "exercise9-7", "exercise9-7\exercise9-7.vcxproj", "{D0921249-639A-4BDF-AB4A-4EEE649E108B}"
EndProject
Project("{8BC9CEB8-8B4A-11D0-8D11-00A0C91BC942}") = "exercise9-8", "exercise9-8\exercise9-8.vcxproj", "{B9E1D476-6F67-472D-B49A-2EADCE48214C}"
EndProject
Project("{8BC9CEB8-8B4A-11D0-8D11-00A0C91BC942}") = "exercise9-11", "exercise9-11\exercise9-11.vcxproj", "{CE274901-80CE-4552-9E5B-041A921FABDB}"
EndProject
Project("{8BC9CEB8-8B4A-11D0-8D11-00A0C91BC942}") = "exercise9-16", "exercise9-16\exercise9-16.vcxproj", "{2113C01F-0AF2-4978-BB36-B5F409401B47}"
EndProject
Project("{8BC9CEB8-8B4A-11D0-8D11-00A0C91BC942}") = "exercise9-22", "exercise9-22\exercise9-22.vcxproj", "{BFF473A0-94E9-4BC1-85FC-7592E60ACFC5}"
EndProject
Project("{8BC9CEB8-8B4A-11D0-8D11-00A0C91BC942}") = "exercise10-1", "exercise10-1\exercise10-1.vcxproj", "{93DDD2D3-EDD7-476C-BEA8-0523CFE9B908}"
EndProject
Project("{8BC9CEB8-8B4A-11D0-8D11-00A0C91BC942}") = "exercise10-2", "exercise10-2\exercise10-2.vcxproj", "{FDC49F6A-09D0-453C-95FC-EE1FF1547D08}"
EndProject
Project("{8BC9CEB8-8B4A-11D0-8D11-00A0C91BC942}") = "exercise10-5", "exercise10-5\exercise10-5.vcxproj", "{EC33AC53-321F-423D-80E6-51DD0AFD9D84}"
EndProject
Global
	GlobalSection(SolutionConfigurationPlatforms) = preSolution
		Debug|x64 = Debug|x64
		Debug|x86 = Debug|x86
		Release|x64 = Release|x64
		Release|x86 = Release|x86
	EndGlobalSection
	GlobalSection(ProjectConfigurationPlatforms) = postSolution
		{30D83C62-8300-40A4-A235-1FE250634334}.Debug|x64.ActiveCfg = Debug|x64
		{30D83C62-8300-40A4-A235-1FE250634334}.Debug|x64.Build.0 = Debug|x64
		{30D83C62-8300-40A4-A235-1FE250634334}.Debug|x86.ActiveCfg = Debug|Win32
		{30D83C62-8300-40A4-A235-1FE250634334}.Debug|x86.Build.0 = Debug|Win32
		{30D83C62-8300-40A4-A235-1FE250634334}.Release|x64.ActiveCfg = Release|x64
		{30D83C62-8300-40A4-A235-1FE250634334}.Release|x64.Build.0 = Release|x64
		{30D83C62-8300-40A4-A235-1FE250634334}.Release|x86.ActiveCfg = Release|Win32
		{30D83C62-8300-40A4-A235-1FE250634334}.Release|x86.Build.0 = Release|Win32
		{E6666A4D-4FD7-43D0-8DE7-883C3443C6B1}.Debug|x64.ActiveCfg = Debug|x64
		{E6666A4D-4FD7-43D0-8DE7-883C3443C6B1}.Debug|x64.Build.0 = Debug|x64
		{E6666A4D-4FD7-43D0-8DE7-883C3443C6B1}.Debug|x86.ActiveCfg = Debug|Win32
		{E6666A4D-4FD7-43D0-8DE7-883C3443C6B1}.Debug|x86.Build.0 = Debug|Win32
		{E6666A4D-4FD7-43D0-8DE7-883C3443C6B1}.Release|x64.ActiveCfg = Release|x64
		{E6666A4D-4FD7-43D0-8DE7-883C3443C6B1}.Release|x64.Build.0 = Release|x64
		{E6666A4D-4FD7-43D0-8DE7-883C3443C6B1}.Release|x86.ActiveCfg = Release|Win32
		{E6666A4D-4FD7-43D0-8DE7-883C3443C6B1}.Release|x86.Build.0 = Release|Win32
		{51E6A0F0-80F9-4225-9CD9-EFB64C274756}.Debug|x64.ActiveCfg = Debug|x64
		{51E6A0F0-80F9-4225-9CD9-EFB64C274756}.Debug|x64.Build.0 = Debug|x64
		{51E6A0F0-80F9-4225-9CD9-EFB64C274756}.Debug|x86.ActiveCfg = Debug|Win32
		{51E6A0F0-80F9-4225-9CD9-EFB64C274756}.Debug|x86.Build.0 = Debug|Win32
		{51E6A0F0-80F9-4225-9CD9-EFB64C274756}.Release|x64.ActiveCfg = Release|x64
		{51E6A0F0-80F9-4225-9CD9-EFB64C274756}.Release|x64.Build.0 = Release|x64
		{51E6A0F0-80F9-4225-9CD9-EFB64C274756}.Release|x86.ActiveCfg = Release|Win32
		{51E6A0F0-80F9-4225-9CD9-EFB64C274756}.Release|x86.Build.0 = Release|Win32
		{05F1A0E9-C559-42CF-A7A2-0BBC7C2A969A}.Debug|x64.ActiveCfg = Debug|x64
		{05F1A0E9-C559-42CF-A7A2-0BBC7C2A969A}.Debug|x64.Build.0 = Debug|x64
		{05F1A0E9-C559-42CF-A7A2-0BBC7C2A969A}.Debug|x86.ActiveCfg = Debug|Win32
		{05F1A0E9-C559-42CF-A7A2-0BBC7C2A969A}.Debug|x86.Build.0 = Debug|Win32
		{05F1A0E9-C559-42CF-A7A2-0BBC7C2A969A}.Release|x64.ActiveCfg = Release|x64
		{05F1A0E9-C559-42CF-A7A2-0BBC7C2A969A}.Release|x64.Build.0 = Release|x64
		{05F1A0E9-C559-42CF-A7A2-0BBC7C2A969A}.Release|x86.ActiveCfg = Release|Win32
		{05F1A0E9-C559-42CF-A7A2-0BBC7C2A969A}.Release|x86.Build.0 = Release|Win32
		{E4D8C9C2-0006-46C0-998A-B1E85E4BA3A0}.Debug|x64.ActiveCfg = Debug|x64
		{E4D8C9C2-0006-46C0-998A-B1E85E4BA3A0}.Debug|x64.Build.0 = Debug|x64
		{E4D8C9C2-0006-46C0-998A-B1E85E4BA3A0}.Debug|x86.ActiveCfg = Debug|Win32
		{E4D8C9C2-0006-46C0-998A-B1E85E4BA3A0}.Debug|x86.Build.0 = Debug|Win32
		{E4D8C9C2-0006-46C0-998A-B1E85E4BA3A0}.Release|x64.ActiveCfg = Release|x64
		{E4D8C9C2-0006-46C0-998A-B1E85E4BA3A0}.Release|x64.Build.0 = Release|x64
		{E4D8C9C2-0006-46C0-998A-B1E85E4BA3A0}.Release|x86.ActiveCfg = Release|Win32
		{E4D8C9C2-0006-46C0-998A-B1E85E4BA3A0}.Release|x86.Build.0 = Release|Win32
		{CBCDB3FE-3B99-4593-AF9B-35FAD9DD1122}.Debug|x64.ActiveCfg = Debug|x64
		{CBCDB3FE-3B99-4593-AF9B-35FAD9DD1122}.Debug|x64.Build.0 = Debug|x64
		{CBCDB3FE-3B99-4593-AF9B-35FAD9DD1122}.Debug|x86.ActiveCfg = Debug|Win32
		{CBCDB3FE-3B99-4593-AF9B-35FAD9DD1122}.Debug|x86.Build.0 = Debug|Win32
		{CBCDB3FE-3B99-4593-AF9B-35FAD9DD1122}.Release|x64.ActiveCfg = Release|x64
		{CBCDB3FE-3B99-4593-AF9B-35FAD9DD1122}.Release|x64.Build.0 = Release|x64
		{CBCDB3FE-3B99-4593-AF9B-35FAD9DD1122}.Release|x86.ActiveCfg = Release|Win32
		{CBCDB3FE-3B99-4593-AF9B-35FAD9DD1122}.Release|x86.Build.0 = Release|Win32
		{F2F4CAF9-7BA8-4A84-9684-BAF328FC1874}.Debug|x64.ActiveCfg = Debug|x64
		{F2F4CAF9-7BA8-4A84-9684-BAF328FC1874}.Debug|x64.Build.0 = Debug|x64
		{F2F4CAF9-7BA8-4A84-9684-BAF328FC1874}.Debug|x86.ActiveCfg = Debug|Win32
		{F2F4CAF9-7BA8-4A84-9684-BAF328FC1874}.Debug|x86.Build.0 = Debug|Win32
		{F2F4CAF9-7BA8-4A84-9684-BAF328FC1874}.Release|x64.ActiveCfg = Release|x64
		{F2F4CAF9-7BA8-4A84-9684-BAF328FC1874}.Release|x64.Build.0 = Release|x64
		{F2F4CAF9-7BA8-4A84-9684-BAF328FC1874}.Release|x86.ActiveCfg = Release|Win32
		{F2F4CAF9-7BA8-4A84-9684-BAF328FC1874}.Release|x86.Build.0 = Release|Win32
		{9C56F07C-AC8A-441F-BC18-05F2A637335F}.Debug|x64.ActiveCfg = Debug|x64
		{9C56F07C-AC8A-441F-BC18-05F2A637335F}.Debug|x64.Build.0 = Debug|x64
		{9C56F07C-AC8A-441F-BC18-05F2A637335F}.Debug|x86.ActiveCfg = Debug|Win32
		{9C56F07C-AC8A-441F-BC18-05F2A637335F}.Debug|x86.Build.0 = Debug|Win32
		{9C56F07C-AC8A-441F-BC18-05F2A637335F}.Release|x64.ActiveCfg = Release|x64
		{9C56F07C-AC8A-441F-BC18-05F2A637335F}.Release|x64.Build.0 = Release|x64
		{9C56F07C-AC8A-441F-BC18-05F2A637335F}.Release|x86.ActiveCfg = Release|Win32
		{9C56F07C-AC8A-441F-BC18-05F2A637335F}.Release|x86.Build.0 = Release|Win32
		{5E1E1C3A-CF50-45E1-899B-0EB54BAF7456}.Debug|x64.ActiveCfg = Debug|x64
		{5E1E1C3A-CF50-45E1-899B-0EB54BAF7456}.Debug|x64.Build.0 = Debug|x64
		{5E1E1C3A-CF50-45E1-899B-0EB54BAF7456}.Debug|x86.ActiveCfg = Debug|Win32
		{5E1E1C3A-CF50-45E1-899B-0EB54BAF7456}.Debug|x86.Build.0 = Debug|Win32
		{5E1E1C3A-CF50-45E1-899B-0EB54BAF7456}.Release|x64.ActiveCfg = Release|x64
		{5E1E1C3A-CF50-45E1-899B-0EB54BAF7456}.Release|x64.Build.0 = Release|x64
		{5E1E1C3A-CF50-45E1-899B-0EB54BAF7456}.Release|x86.ActiveCfg = Release|Win32
		{5E1E1C3A-CF50-45E1-899B-0EB54BAF7456}.Release|x86.Build.0 = Release|Win32
		{7B810ED9-03E3-4248-93A7-3F48B2EA6E0C}.Debug|x64.ActiveCfg = Debug|x64
		{7B810ED9-03E3-4248-93A7-3F48B2EA6E0C}.Debug|x64.Build.0 = Debug|x64
		{7B810ED9-03E3-4248-93A7-3F48B2EA6E0C}.Debug|x86.ActiveCfg = Debug|Win32
		{7B810ED9-03E3-4248-93A7-3F48B2EA6E0C}.Debug|x86.Build.0 = Debug|Win32
		{7B810ED9-03E3-4248-93A7-3F48B2EA6E0C}.Release|x64.ActiveCfg = Release|x64
		{7B810ED9-03E3-4248-93A7-3F48B2EA6E0C}.Release|x64.Build.0 = Release|x64
		{7B810ED9-03E3-4248-93A7-3F48B2EA6E0C}.Release|x86.ActiveCfg = Release|Win32
		{7B810ED9-03E3-4248-93A7-3F48B2EA6E0C}.Release|x86.Build.0 = Release|Win32
		{F31F82C7-5126-44EE-935B-ED4BBE310B4E}.Debug|x64.ActiveCfg = Debug|x64
		{F31F82C7-5126-44EE-935B-ED4BBE310B4E}.Debug|x64.Build.0 = Debug|x64
		{F31F82C7-5126-44EE-935B-ED4BBE310B4E}.Debug|x86.ActiveCfg = Debug|Win32
		{F31F82C7-5126-44EE-935B-ED4BBE310B4E}.Debug|x86.Build.0 = Debug|Win32
		{F31F82C7-5126-44EE-935B-ED4BBE310B4E}.Release|x64.ActiveCfg = Release|x64
		{F31F82C7-5126-44EE-935B-ED4BBE310B4E}.Release|x64.Build.0 = Release|x64
		{F31F82C7-5126-44EE-935B-ED4BBE310B4E}.Release|x86.ActiveCfg = Release|Win32
		{F31F82C7-5126-44EE-935B-ED4BBE310B4E}.Release|x86.Build.0 = Release|Win32
		{10238F8D-FC45-4752-A68F-09DE4229A734}.Debug|x64.ActiveCfg = Debug|x64
		{10238F8D-FC45-4752-A68F-09DE4229A734}.Debug|x64.Build.0 = Debug|x64
		{10238F8D-FC45-4752-A68F-09DE4229A734}.Debug|x86.ActiveCfg = Debug|Win32
		{10238F8D-FC45-4752-A68F-09DE4229A734}.Debug|x86.Build.0 = Debug|Win32
		{10238F8D-FC45-4752-A68F-09DE4229A734}.Release|x64.ActiveCfg = Release|x64
		{10238F8D-FC45-4752-A68F-09DE4229A734}.Release|x64.Build.0 = Release|x64
		{10238F8D-FC45-4752-A68F-09DE4229A734}.Release|x86.ActiveCfg = Release|Win32
		{10238F8D-FC45-4752-A68F-09DE4229A734}.Release|x86.Build.0 = Release|Win32
		{E978F506-F8AA-428B-8EC3-3ADD2F93EC9E}.Debug|x64.ActiveCfg = Debug|x64
		{E978F506-F8AA-428B-8EC3-3ADD2F93EC9E}.Debug|x64.Build.0 = Debug|x64
		{E978F506-F8AA-428B-8EC3-3ADD2F93EC9E}.Debug|x86.ActiveCfg = Debug|Win32
		{E978F506-F8AA-428B-8EC3-3ADD2F93EC9E}.Debug|x86.Build.0 = Debug|Win32
		{E978F506-F8AA-428B-8EC3-3ADD2F93EC9E}.Release|x64.ActiveCfg = Release|x64
		{E978F506-F8AA-428B-8EC3-3ADD2F93EC9E}.Release|x64.Build.0 = Release|x64
		{E978F506-F8AA-428B-8EC3-3ADD2F93EC9E}.Release|x86.ActiveCfg = Release|Win32
		{E978F506-F8AA-428B-8EC3-3ADD2F93EC9E}.Release|x86.Build.0 = Release|Win32
		{58959BB4-DD13-48B8-9E9E-E8F7F684A1F2}.Debug|x64.ActiveCfg = Debug|x64
		{58959BB4-DD13-48B8-9E9E-E8F7F684A1F2}.Debug|x64.Build.0 = Debug|x64
		{58959BB4-DD13-48B8-9E9E-E8F7F684A1F2}.Debug|x86.ActiveCfg = Debug|Win32
		{58959BB4-DD13-48B8-9E9E-E8F7F684A1F2}.Debug|x86.Build.0 = Debug|Win32
		{58959BB4-DD13-48B8-9E9E-E8F7F684A1F2}.Release|x64.ActiveCfg = Release|x64
		{58959BB4-DD13-48B8-9E9E-E8F7F684A1F2}.Release|x64.Build.0 = Release|x64
		{58959BB4-DD13-48B8-9E9E-E8F7F684A1F2}.Release|x86.ActiveCfg = Release|Win32
		{58959BB4-DD13-48B8-9E9E-E8F7F684A1F2}.Release|x86.Build.0 = Release|Win32
		{0BCD4118-1C9D-42A5-A5EC-1292F906F4F6}.Debug|x64.ActiveCfg = Debug|x64
		{0BCD4118-1C9D-42A5-A5EC-1292F906F4F6}.Debug|x64.Build.0 = Debug|x64
		{0BCD4118-1C9D-42A5-A5EC-1292F906F4F6}.Debug|x86.ActiveCfg = Debug|Win32
		{0BCD4118-1C9D-42A5-A5EC-1292F906F4F6}.Debug|x86.Build.0 = Debug|Win32
		{0BCD4118-1C9D-42A5-A5EC-1292F906F4F6}.Release|x64.ActiveCfg = Release|x64
		{0BCD4118-1C9D-42A5-A5EC-1292F906F4F6}.Release|x64.Build.0 = Release|x64
		{0BCD4118-1C9D-42A5-A5EC-1292F906F4F6}.Release|x86.ActiveCfg = Release|Win32
		{0BCD4118-1C9D-42A5-A5EC-1292F906F4F6}.Release|x86.Build.0 = Release|Win32
		{E7B08909-4605-4BB9-A742-4A5DD55AA05B}.Debug|x64.ActiveCfg = Debug|x64
		{E7B08909-4605-4BB9-A742-4A5DD55AA05B}.Debug|x64.Build.0 = Debug|x64
		{E7B08909-4605-4BB9-A742-4A5DD55AA05B}.Debug|x86.ActiveCfg = Debug|Win32
		{E7B08909-4605-4BB9-A742-4A5DD55AA05B}.Debug|x86.Build.0 = Debug|Win32
		{E7B08909-4605-4BB9-A742-4A5DD55AA05B}.Release|x64.ActiveCfg = Release|x64
		{E7B08909-4605-4BB9-A742-4A5DD55AA05B}.Release|x64.Build.0 = Release|x64
		{E7B08909-4605-4BB9-A742-4A5DD55AA05B}.Release|x86.ActiveCfg = Release|Win32
		{E7B08909-4605-4BB9-A742-4A5DD55AA05B}.Release|x86.Build.0 = Release|Win32
		{7A3B0EDC-3586-447B-91E5-193CCC5C0601}.Debug|x64.ActiveCfg = Debug|x64
		{7A3B0EDC-3586-447B-91E5-193CCC5C0601}.Debug|x64.Build.0 = Debug|x64
		{7A3B0EDC-3586-447B-91E5-193CCC5C0601}.Debug|x86.ActiveCfg = Debug|Win32
		{7A3B0EDC-3586-447B-91E5-193CCC5C0601}.Debug|x86.Build.0 = Debug|Win32
		{7A3B0EDC-3586-447B-91E5-193CCC5C0601}.Release|x64.ActiveCfg = Release|x64
		{7A3B0EDC-3586-447B-91E5-193CCC5C0601}.Release|x64.Build.0 = Release|x64
		{7A3B0EDC-3586-447B-91E5-193CCC5C0601}.Release|x86.ActiveCfg = Release|Win32
		{7A3B0EDC-3586-447B-91E5-193CCC5C0601}.Release|x86.Build.0 = Release|Win32
		{A1E10F8C-EF4B-41F7-A547-677563063358}.Debug|x64.ActiveCfg = Debug|x64
		{A1E10F8C-EF4B-41F7-A547-677563063358}.Debug|x64.Build.0 = Debug|x64
		{A1E10F8C-EF4B-41F7-A547-677563063358}.Debug|x86.ActiveCfg = Debug|Win32
		{A1E10F8C-EF4B-41F7-A547-677563063358}.Debug|x86.Build.0 = Debug|Win32
		{A1E10F8C-EF4B-41F7-A547-677563063358}.Release|x64.ActiveCfg = Release|x64
		{A1E10F8C-EF4B-41F7-A547-677563063358}.Release|x64.Build.0 = Release|x64
		{A1E10F8C-EF4B-41F7-A547-677563063358}.Release|x86.ActiveCfg = Release|Win32
		{A1E10F8C-EF4B-41F7-A547-677563063358}.Release|x86.Build.0 = Release|Win32
		{6BC6D1AA-09DC-489D-9DF3-55DC770AE82A}.Debug|x64.ActiveCfg = Debug|x64
		{6BC6D1AA-09DC-489D-9DF3-55DC770AE82A}.Debug|x64.Build.0 = Debug|x64
		{6BC6D1AA-09DC-489D-9DF3-55DC770AE82A}.Debug|x86.ActiveCfg = Debug|Win32
		{6BC6D1AA-09DC-489D-9DF3-55DC770AE82A}.Debug|x86.Build.0 = Debug|Win32
		{6BC6D1AA-09DC-489D-9DF3-55DC770AE82A}.Release|x64.ActiveCfg = Release|x64
		{6BC6D1AA-09DC-489D-9DF3-55DC770AE82A}.Release|x64.Build.0 = Release|x64
		{6BC6D1AA-09DC-489D-9DF3-55DC770AE82A}.Release|x86.ActiveCfg = Release|Win32
		{6BC6D1AA-09DC-489D-9DF3-55DC770AE82A}.Release|x86.Build.0 = Release|Win32
		{798B8078-C1FB-4F9C-A61F-9A5AE3E626E6}.Debug|x64.ActiveCfg = Debug|x64
		{798B8078-C1FB-4F9C-A61F-9A5AE3E626E6}.Debug|x64.Build.0 = Debug|x64
		{798B8078-C1FB-4F9C-A61F-9A5AE3E626E6}.Debug|x86.ActiveCfg = Debug|Win32
		{798B8078-C1FB-4F9C-A61F-9A5AE3E626E6}.Debug|x86.Build.0 = Debug|Win32
		{798B8078-C1FB-4F9C-A61F-9A5AE3E626E6}.Release|x64.ActiveCfg = Release|x64
		{798B8078-C1FB-4F9C-A61F-9A5AE3E626E6}.Release|x64.Build.0 = Release|x64
		{798B8078-C1FB-4F9C-A61F-9A5AE3E626E6}.Release|x86.ActiveCfg = Release|Win32
		{798B8078-C1FB-4F9C-A61F-9A5AE3E626E6}.Release|x86.Build.0 = Release|Win32
		{532F954E-36B1-4408-82DF-72524BAFB41F}.Debug|x64.ActiveCfg = Debug|x64
		{532F954E-36B1-4408-82DF-72524BAFB41F}.Debug|x64.Build.0 = Debug|x64
		{532F954E-36B1-4408-82DF-72524BAFB41F}.Debug|x86.ActiveCfg = Debug|Win32
		{532F954E-36B1-4408-82DF-72524BAFB41F}.Debug|x86.Build.0 = Debug|Win32
		{532F954E-36B1-4408-82DF-72524BAFB41F}.Release|x64.ActiveCfg = Release|x64
		{532F954E-36B1-4408-82DF-72524BAFB41F}.Release|x64.Build.0 = Release|x64
		{532F954E-36B1-4408-82DF-72524BAFB41F}.Release|x86.ActiveCfg = Release|Win32
		{532F954E-36B1-4408-82DF-72524BAFB41F}.Release|x86.Build.0 = Release|Win32
		{4E3BA468-C632-40BB-AEA0-E0AB00274803}.Debug|x64.ActiveCfg = Debug|x64
		{4E3BA468-C632-40BB-AEA0-E0AB00274803}.Debug|x64.Build.0 = Debug|x64
		{4E3BA468-C632-40BB-AEA0-E0AB00274803}.Debug|x86.ActiveCfg = Debug|Win32
		{4E3BA468-C632-40BB-AEA0-E0AB00274803}.Debug|x86.Build.0 = Debug|Win32
		{4E3BA468-C632-40BB-AEA0-E0AB00274803}.Release|x64.ActiveCfg = Release|x64
		{4E3BA468-C632-40BB-AEA0-E0AB00274803}.Release|x64.Build.0 = Release|x64
		{4E3BA468-C632-40BB-AEA0-E0AB00274803}.Release|x86.ActiveCfg = Release|Win32
		{4E3BA468-C632-40BB-AEA0-E0AB00274803}.Release|x86.Build.0 = Release|Win32
		{20D982E2-AD44-46E3-8B1F-001C9640EDEC}.Debug|x64.ActiveCfg = Debug|x64
		{20D982E2-AD44-46E3-8B1F-001C9640EDEC}.Debug|x64.Build.0 = Debug|x64
		{20D982E2-AD44-46E3-8B1F-001C9640EDEC}.Debug|x86.ActiveCfg = Debug|Win32
		{20D982E2-AD44-46E3-8B1F-001C9640EDEC}.Debug|x86.Build.0 = Debug|Win32
		{20D982E2-AD44-46E3-8B1F-001C9640EDEC}.Release|x64.ActiveCfg = Release|x64
		{20D982E2-AD44-46E3-8B1F-001C9640EDEC}.Release|x64.Build.0 = Release|x64
		{20D982E2-AD44-46E3-8B1F-001C9640EDEC}.Release|x86.ActiveCfg = Release|Win32
		{20D982E2-AD44-46E3-8B1F-001C9640EDEC}.Release|x86.Build.0 = Release|Win32
		{3D79C0AC-8D2A-4359-96AC-4CD03A8D2826}.Debug|x64.ActiveCfg = Debug|x64
		{3D79C0AC-8D2A-4359-96AC-4CD03A8D2826}.Debug|x64.Build.0 = Debug|x64
		{3D79C0AC-8D2A-4359-96AC-4CD03A8D2826}.Debug|x86.ActiveCfg = Debug|Win32
		{3D79C0AC-8D2A-4359-96AC-4CD03A8D2826}.Debug|x86.Build.0 = Debug|Win32
		{3D79C0AC-8D2A-4359-96AC-4CD03A8D2826}.Release|x64.ActiveCfg = Release|x64
		{3D79C0AC-8D2A-4359-96AC-4CD03A8D2826}.Release|x64.Build.0 = Release|x64
		{3D79C0AC-8D2A-4359-96AC-4CD03A8D2826}.Release|x86.ActiveCfg = Release|Win32
		{3D79C0AC-8D2A-4359-96AC-4CD03A8D2826}.Release|x86.Build.0 = Release|Win32
		{027711CD-C22C-49C7-8542-C22C070C4889}.Debug|x64.ActiveCfg = Debug|x64
		{027711CD-C22C-49C7-8542-C22C070C4889}.Debug|x64.Build.0 = Debug|x64
		{027711CD-C22C-49C7-8542-C22C070C4889}.Debug|x86.ActiveCfg = Debug|Win32
		{027711CD-C22C-49C7-8542-C22C070C4889}.Debug|x86.Build.0 = Debug|Win32
		{027711CD-C22C-49C7-8542-C22C070C4889}.Release|x64.ActiveCfg = Release|x64
		{027711CD-C22C-49C7-8542-C22C070C4889}.Release|x64.Build.0 = Release|x64
		{027711CD-C22C-49C7-8542-C22C070C4889}.Release|x86.ActiveCfg = Release|Win32
		{027711CD-C22C-49C7-8542-C22C070C4889}.Release|x86.Build.0 = Release|Win32
		{290ADC9B-E694-4FDE-849A-358C7494480A}.Debug|x64.ActiveCfg = Debug|x64
		{290ADC9B-E694-4FDE-849A-358C7494480A}.Debug|x64.Build.0 = Debug|x64
		{290ADC9B-E694-4FDE-849A-358C7494480A}.Debug|x86.ActiveCfg = Debug|Win32
		{290ADC9B-E694-4FDE-849A-358C7494480A}.Debug|x86.Build.0 = Debug|Win32
		{290ADC9B-E694-4FDE-849A-358C7494480A}.Release|x64.ActiveCfg = Release|x64
		{290ADC9B-E694-4FDE-849A-358C7494480A}.Release|x64.Build.0 = Release|x64
		{290ADC9B-E694-4FDE-849A-358C7494480A}.Release|x86.ActiveCfg = Release|Win32
		{290ADC9B-E694-4FDE-849A-358C7494480A}.Release|x86.Build.0 = Release|Win32
		{87A5F0EE-A173-4432-B1E5-F557FC7DA2D2}.Debug|x64.ActiveCfg = Debug|x64
		{87A5F0EE-A173-4432-B1E5-F557FC7DA2D2}.Debug|x64.Build.0 = Debug|x64
		{87A5F0EE-A173-4432-B1E5-F557FC7DA2D2}.Debug|x86.ActiveCfg = Debug|Win32
		{87A5F0EE-A173-4432-B1E5-F557FC7DA2D2}.Debug|x86.Build.0 = Debug|Win32
		{87A5F0EE-A173-4432-B1E5-F557FC7DA2D2}.Release|x64.ActiveCfg = Release|x64
		{87A5F0EE-A173-4432-B1E5-F557FC7DA2D2}.Release|x64.Build.0 = Release|x64
		{87A5F0EE-A173-4432-B1E5-F557FC7DA2D2}.Release|x86.ActiveCfg = Release|Win32
		{87A5F0EE-A173-4432-B1E5-F557FC7DA2D2}.Release|x86.Build.0 = Release|Win32
		{C850FEDA-4D17-4D91-B4FC-12D793DB0417}.Debug|x64.ActiveCfg = Debug|x64
		{C850FEDA-4D17-4D91-B4FC-12D793DB0417}.Debug|x64.Build.0 = Debug|x64
		{C850FEDA-4D17-4D91-B4FC-12D793DB0417}.Debug|x86.ActiveCfg = Debug|Win32
		{C850FEDA-4D17-4D91-B4FC-12D793DB0417}.Debug|x86.Build.0 = Debug|Win32
		{C850FEDA-4D17-4D91-B4FC-12D793DB0417}.Release|x64.ActiveCfg = Release|x64
		{C850FEDA-4D17-4D91-B4FC-12D793DB0417}.Release|x64.Build.0 = Release|x64
		{C850FEDA-4D17-4D91-B4FC-12D793DB0417}.Release|x86.ActiveCfg = Release|Win32
		{C850FEDA-4D17-4D91-B4FC-12D793DB0417}.Release|x86.Build.0 = Release|Win32
		{C4A161D0-6CB4-4099-8573-88FF54632FB7}.Debug|x64.ActiveCfg = Debug|x64
		{C4A161D0-6CB4-4099-8573-88FF54632FB7}.Debug|x64.Build.0 = Debug|x64
		{C4A161D0-6CB4-4099-8573-88FF54632FB7}.Debug|x86.ActiveCfg = Debug|Win32
		{C4A161D0-6CB4-4099-8573-88FF54632FB7}.Debug|x86.Build.0 = Debug|Win32
		{C4A161D0-6CB4-4099-8573-88FF54632FB7}.Release|x64.ActiveCfg = Release|x64
		{C4A161D0-6CB4-4099-8573-88FF54632FB7}.Release|x64.Build.0 = Release|x64
		{C4A161D0-6CB4-4099-8573-88FF54632FB7}.Release|x86.ActiveCfg = Release|Win32
		{C4A161D0-6CB4-4099-8573-88FF54632FB7}.Release|x86.Build.0 = Release|Win32
		{CCB24172-54D1-4E42-AC0F-A400F2EE9889}.Debug|x64.ActiveCfg = Debug|x64
		{CCB24172-54D1-4E42-AC0F-A400F2EE9889}.Debug|x64.Build.0 = Debug|x64
		{CCB24172-54D1-4E42-AC0F-A400F2EE9889}.Debug|x86.ActiveCfg = Debug|Win32
		{CCB24172-54D1-4E42-AC0F-A400F2EE9889}.Debug|x86.Build.0 = Debug|Win32
		{CCB24172-54D1-4E42-AC0F-A400F2EE9889}.Release|x64.ActiveCfg = Release|x64
		{CCB24172-54D1-4E42-AC0F-A400F2EE9889}.Release|x64.Build.0 = Release|x64
		{CCB24172-54D1-4E42-AC0F-A400F2EE9889}.Release|x86.ActiveCfg = Release|Win32
		{CCB24172-54D1-4E42-AC0F-A400F2EE9889}.Release|x86.Build.0 = Release|Win32
		{F5EAC74D-12D2-4361-B0DA-5E6EAE4163F8}.Debug|x64.ActiveCfg = Debug|x64
		{F5EAC74D-12D2-4361-B0DA-5E6EAE4163F8}.Debug|x64.Build.0 = Debug|x64
		{F5EAC74D-12D2-4361-B0DA-5E6EAE4163F8}.Debug|x86.ActiveCfg = Debug|Win32
		{F5EAC74D-12D2-4361-B0DA-5E6EAE4163F8}.Debug|x86.Build.0 = Debug|Win32
		{F5EAC74D-12D2-4361-B0DA-5E6EAE4163F8}.Release|x64.ActiveCfg = Release|x64
		{F5EAC74D-12D2-4361-B0DA-5E6EAE4163F8}.Release|x64.Build.0 = Release|x64
		{F5EAC74D-12D2-4361-B0DA-5E6EAE4163F8}.Release|x86.ActiveCfg = Release|Win32
		{F5EAC74D-12D2-4361-B0DA-5E6EAE4163F8}.Release|x86.Build.0 = Release|Win32
		{BE675EFE-A320-45FF-94FC-019CEED599FC}.Debug|x64.ActiveCfg = Debug|x64
		{BE675EFE-A320-45FF-94FC-019CEED599FC}.Debug|x64.Build.0 = Debug|x64
		{BE675EFE-A320-45FF-94FC-019CEED599FC}.Debug|x86.ActiveCfg = Debug|Win32
		{BE675EFE-A320-45FF-94FC-019CEED599FC}.Debug|x86.Build.0 = Debug|Win32
		{BE675EFE-A320-45FF-94FC-019CEED599FC}.Release|x64.ActiveCfg = Release|x64
		{BE675EFE-A320-45FF-94FC-019CEED599FC}.Release|x64.Build.0 = Release|x64
		{BE675EFE-A320-45FF-94FC-019CEED599FC}.Release|x86.ActiveCfg = Release|Win32
		{BE675EFE-A320-45FF-94FC-019CEED599FC}.Release|x86.Build.0 = Release|Win32
		{6B2F6030-68CC-499B-AE04-56321CA34725}.Debug|x64.ActiveCfg = Debug|x64
		{6B2F6030-68CC-499B-AE04-56321CA34725}.Debug|x64.Build.0 = Debug|x64
		{6B2F6030-68CC-499B-AE04-56321CA34725}.Debug|x86.ActiveCfg = Debug|Win32
		{6B2F6030-68CC-499B-AE04-56321CA34725}.Debug|x86.Build.0 = Debug|Win32
		{6B2F6030-68CC-499B-AE04-56321CA34725}.Release|x64.ActiveCfg = Release|x64
		{6B2F6030-68CC-499B-AE04-56321CA34725}.Release|x64.Build.0 = Release|x64
		{6B2F6030-68CC-499B-AE04-56321CA34725}.Release|x86.ActiveCfg = Release|Win32
		{6B2F6030-68CC-499B-AE04-56321CA34725}.Release|x86.Build.0 = Release|Win32
		{9A181498-98F6-4562-AC67-22E33A89EDFE}.Debug|x64.ActiveCfg = Debug|x64
		{9A181498-98F6-4562-AC67-22E33A89EDFE}.Debug|x64.Build.0 = Debug|x64
		{9A181498-98F6-4562-AC67-22E33A89EDFE}.Debug|x86.ActiveCfg = Debug|Win32
		{9A181498-98F6-4562-AC67-22E33A89EDFE}.Debug|x86.Build.0 = Debug|Win32
		{9A181498-98F6-4562-AC67-22E33A89EDFE}.Release|x64.ActiveCfg = Release|x64
		{9A181498-98F6-4562-AC67-22E33A89EDFE}.Release|x64.Build.0 = Release|x64
		{9A181498-98F6-4562-AC67-22E33A89EDFE}.Release|x86.ActiveCfg = Release|Win32
		{9A181498-98F6-4562-AC67-22E33A89EDFE}.Release|x86.Build.0 = Release|Win32
		{2C87E301-770C-436F-A1AC-48B9D9E544BB}.Debug|x64.ActiveCfg = Debug|x64
		{2C87E301-770C-436F-A1AC-48B9D9E544BB}.Debug|x64.Build.0 = Debug|x64
		{2C87E301-770C-436F-A1AC-48B9D9E544BB}.Debug|x86.ActiveCfg = Debug|Win32
		{2C87E301-770C-436F-A1AC-48B9D9E544BB}.Debug|x86.Build.0 = Debug|Win32
		{2C87E301-770C-436F-A1AC-48B9D9E544BB}.Release|x64.ActiveCfg = Release|x64
		{2C87E301-770C-436F-A1AC-48B9D9E544BB}.Release|x64.Build.0 = Release|x64
		{2C87E301-770C-436F-A1AC-48B9D9E544BB}.Release|x86.ActiveCfg = Release|Win32
		{2C87E301-770C-436F-A1AC-48B9D9E544BB}.Release|x86.Build.0 = Release|Win32
		{ABA280FD-4619-4E3A-AA58-153B06521B5B}.Debug|x64.ActiveCfg = Debug|x64
		{ABA280FD-4619-4E3A-AA58-153B06521B5B}.Debug|x64.Build.0 = Debug|x64
		{ABA280FD-4619-4E3A-AA58-153B06521B5B}.Debug|x86.ActiveCfg = Debug|Win32
		{ABA280FD-4619-4E3A-AA58-153B06521B5B}.Debug|x86.Build.0 = Debug|Win32
		{ABA280FD-4619-4E3A-AA58-153B06521B5B}.Release|x64.ActiveCfg = Release|x64
		{ABA280FD-4619-4E3A-AA58-153B06521B5B}.Release|x64.Build.0 = Release|x64
		{ABA280FD-4619-4E3A-AA58-153B06521B5B}.Release|x86.ActiveCfg = Release|Win32
		{ABA280FD-4619-4E3A-AA58-153B06521B5B}.Release|x86.Build.0 = Release|Win32
		{013E4BDB-A49A-4A34-B559-72F1ABF6F48F}.Debug|x64.ActiveCfg = Debug|x64
		{013E4BDB-A49A-4A34-B559-72F1ABF6F48F}.Debug|x64.Build.0 = Debug|x64
		{013E4BDB-A49A-4A34-B559-72F1ABF6F48F}.Debug|x86.ActiveCfg = Debug|Win32
		{013E4BDB-A49A-4A34-B559-72F1ABF6F48F}.Debug|x86.Build.0 = Debug|Win32
		{013E4BDB-A49A-4A34-B559-72F1ABF6F48F}.Release|x64.ActiveCfg = Release|x64
		{013E4BDB-A49A-4A34-B559-72F1ABF6F48F}.Release|x64.Build.0 = Release|x64
		{013E4BDB-A49A-4A34-B559-72F1ABF6F48F}.Release|x86.ActiveCfg = Release|Win32
		{013E4BDB-A49A-4A34-B559-72F1ABF6F48F}.Release|x86.Build.0 = Release|Win32
		{901E1597-BE39-4C43-B6C7-396B31888396}.Debug|x64.ActiveCfg = Debug|x64
		{901E1597-BE39-4C43-B6C7-396B31888396}.Debug|x64.Build.0 = Debug|x64
		{901E1597-BE39-4C43-B6C7-396B31888396}.Debug|x86.ActiveCfg = Debug|Win32
		{901E1597-BE39-4C43-B6C7-396B31888396}.Debug|x86.Build.0 = Debug|Win32
		{901E1597-BE39-4C43-B6C7-396B31888396}.Release|x64.ActiveCfg = Release|x64
		{901E1597-BE39-4C43-B6C7-396B31888396}.Release|x64.Build.0 = Release|x64
		{901E1597-BE39-4C43-B6C7-396B31888396}.Release|x86.ActiveCfg = Release|Win32
		{901E1597-BE39-4C43-B6C7-396B31888396}.Release|x86.Build.0 = Release|Win32
		{88EE0D3C-B36A-4C98-AD0A-4E3F2070CFF0}.Debug|x64.ActiveCfg = Debug|x64
		{88EE0D3C-B36A-4C98-AD0A-4E3F2070CFF0}.Debug|x64.Build.0 = Debug|x64
		{88EE0D3C-B36A-4C98-AD0A-4E3F2070CFF0}.Debug|x86.ActiveCfg = Debug|Win32
		{88EE0D3C-B36A-4C98-AD0A-4E3F2070CFF0}.Debug|x86.Build.0 = Debug|Win32
		{88EE0D3C-B36A-4C98-AD0A-4E3F2070CFF0}.Release|x64.ActiveCfg = Release|x64
		{88EE0D3C-B36A-4C98-AD0A-4E3F2070CFF0}.Release|x64.Build.0 = Release|x64
		{88EE0D3C-B36A-4C98-AD0A-4E3F2070CFF0}.Release|x86.ActiveCfg = Release|Win32
		{88EE0D3C-B36A-4C98-AD0A-4E3F2070CFF0}.Release|x86.Build.0 = Release|Win32
		{E95C47B3-0F6F-4EE7-B81C-D3B62A2ABBE0}.Debug|x64.ActiveCfg = Debug|x64
		{E95C47B3-0F6F-4EE7-B81C-D3B62A2ABBE0}.Debug|x64.Build.0 = Debug|x64
		{E95C47B3-0F6F-4EE7-B81C-D3B62A2ABBE0}.Debug|x86.ActiveCfg = Debug|Win32
		{E95C47B3-0F6F-4EE7-B81C-D3B62A2ABBE0}.Debug|x86.Build.0 = Debug|Win32
		{E95C47B3-0F6F-4EE7-B81C-D3B62A2ABBE0}.Release|x64.ActiveCfg = Release|x64
		{E95C47B3-0F6F-4EE7-B81C-D3B62A2ABBE0}.Release|x64.Build.0 = Release|x64
		{E95C47B3-0F6F-4EE7-B81C-D3B62A2ABBE0}.Release|x86.ActiveCfg = Release|Win32
		{E95C47B3-0F6F-4EE7-B81C-D3B62A2ABBE0}.Release|x86.Build.0 = Release|Win32
		{ED47E3F3-A485-4C21-8DFE-45F3E082265C}.Debug|x64.ActiveCfg = Debug|x64
		{ED47E3F3-A485-4C21-8DFE-45F3E082265C}.Debug|x64.Build.0 = Debug|x64
		{ED47E3F3-A485-4C21-8DFE-45F3E082265C}.Debug|x86.ActiveCfg = Debug|Win32
		{ED47E3F3-A485-4C21-8DFE-45F3E082265C}.Debug|x86.Build.0 = Debug|Win32
		{ED47E3F3-A485-4C21-8DFE-45F3E082265C}.Release|x64.ActiveCfg = Release|x64
		{ED47E3F3-A485-4C21-8DFE-45F3E082265C}.Release|x64.Build.0 = Release|x64
		{ED47E3F3-A485-4C21-8DFE-45F3E082265C}.Release|x86.ActiveCfg = Release|Win32
		{ED47E3F3-A485-4C21-8DFE-45F3E082265C}.Release|x86.Build.0 = Release|Win32
		{62861442-AF9F-4CAA-8081-C4C5352BE2A5}.Debug|x64.ActiveCfg = Debug|x64
		{62861442-AF9F-4CAA-8081-C4C5352BE2A5}.Debug|x64.Build.0 = Debug|x64
		{62861442-AF9F-4CAA-8081-C4C5352BE2A5}.Debug|x86.ActiveCfg = Debug|Win32
		{62861442-AF9F-4CAA-8081-C4C5352BE2A5}.Debug|x86.Build.0 = Debug|Win32
		{62861442-AF9F-4CAA-8081-C4C5352BE2A5}.Release|x64.ActiveCfg = Release|x64
		{62861442-AF9F-4CAA-8081-C4C5352BE2A5}.Release|x64.Build.0 = Release|x64
		{62861442-AF9F-4CAA-8081-C4C5352BE2A5}.Release|x86.ActiveCfg = Release|Win32
		{62861442-AF9F-4CAA-8081-C4C5352BE2A5}.Release|x86.Build.0 = Release|Win32
		{74152A20-24D3-477E-AA54-4800E10EF420}.Debug|x64.ActiveCfg = Debug|x64
		{74152A20-24D3-477E-AA54-4800E10EF420}.Debug|x64.Build.0 = Debug|x64
		{74152A20-24D3-477E-AA54-4800E10EF420}.Debug|x86.ActiveCfg = Debug|Win32
		{74152A20-24D3-477E-AA54-4800E10EF420}.Debug|x86.Build.0 = Debug|Win32
		{74152A20-24D3-477E-AA54-4800E10EF420}.Release|x64.ActiveCfg = Release|x64
		{74152A20-24D3-477E-AA54-4800E10EF420}.Release|x64.Build.0 = Release|x64
		{74152A20-24D3-477E-AA54-4800E10EF420}.Release|x86.ActiveCfg = Release|Win32
		{74152A20-24D3-477E-AA54-4800E10EF420}.Release|x86.Build.0 = Release|Win32
		{F41B91AA-BB6F-43FD-8F49-1B0936647849}.Debug|x64.ActiveCfg = Debug|x64
		{F41B91AA-BB6F-43FD-8F49-1B0936647849}.Debug|x64.Build.0 = Debug|x64
		{F41B91AA-BB6F-43FD-8F49-1B0936647849}.Debug|x86.ActiveCfg = Debug|Win32
		{F41B91AA-BB6F-43FD-8F49-1B0936647849}.Debug|x86.Build.0 = Debug|Win32
		{F41B91AA-BB6F-43FD-8F49-1B0936647849}.Release|x64.ActiveCfg = Release|x64
		{F41B91AA-BB6F-43FD-8F49-1B0936647849}.Release|x64.Build.0 = Release|x64
		{F41B91AA-BB6F-43FD-8F49-1B0936647849}.Release|x86.ActiveCfg = Release|Win32
		{F41B91AA-BB6F-43FD-8F49-1B0936647849}.Release|x86.Build.0 = Release|Win32
		{A8A886B3-53AF-4EFE-B701-3A615715AAB8}.Debug|x64.ActiveCfg = Debug|x64
		{A8A886B3-53AF-4EFE-B701-3A615715AAB8}.Debug|x64.Build.0 = Debug|x64
		{A8A886B3-53AF-4EFE-B701-3A615715AAB8}.Debug|x86.ActiveCfg = Debug|Win32
		{A8A886B3-53AF-4EFE-B701-3A615715AAB8}.Debug|x86.Build.0 = Debug|Win32
		{A8A886B3-53AF-4EFE-B701-3A615715AAB8}.Release|x64.ActiveCfg = Release|x64
		{A8A886B3-53AF-4EFE-B701-3A615715AAB8}.Release|x64.Build.0 = Release|x64
		{A8A886B3-53AF-4EFE-B701-3A615715AAB8}.Release|x86.ActiveCfg = Release|Win32
		{A8A886B3-53AF-4EFE-B701-3A615715AAB8}.Release|x86.Build.0 = Release|Win32
		{40FFBF8F-3DAB-46DF-A5DC-C2C211AC02D2}.Debug|x64.ActiveCfg = Debug|x64
		{40FFBF8F-3DAB-46DF-A5DC-C2C211AC02D2}.Debug|x64.Build.0 = Debug|x64
		{40FFBF8F-3DAB-46DF-A5DC-C2C211AC02D2}.Debug|x86.ActiveCfg = Debug|Win32
		{40FFBF8F-3DAB-46DF-A5DC-C2C211AC02D2}.Debug|x86.Build.0 = Debug|Win32
		{40FFBF8F-3DAB-46DF-A5DC-C2C211AC02D2}.Release|x64.ActiveCfg = Release|x64
		{40FFBF8F-3DAB-46DF-A5DC-C2C211AC02D2}.Release|x64.Build.0 = Release|x64
		{40FFBF8F-3DAB-46DF-A5DC-C2C211AC02D2}.Release|x86.ActiveCfg = Release|Win32
		{40FFBF8F-3DAB-46DF-A5DC-C2C211AC02D2}.Release|x86.Build.0 = Release|Win32
		{A9F558D3-D742-4B22-9B07-42B470969740}.Debug|x64.ActiveCfg = Debug|x64
		{A9F558D3-D742-4B22-9B07-42B470969740}.Debug|x64.Build.0 = Debug|x64
		{A9F558D3-D742-4B22-9B07-42B470969740}.Debug|x86.ActiveCfg = Debug|Win32
		{A9F558D3-D742-4B22-9B07-42B470969740}.Debug|x86.Build.0 = Debug|Win32
		{A9F558D3-D742-4B22-9B07-42B470969740}.Release|x64.ActiveCfg = Release|x64
		{A9F558D3-D742-4B22-9B07-42B470969740}.Release|x64.Build.0 = Release|x64
		{A9F558D3-D742-4B22-9B07-42B470969740}.Release|x86.ActiveCfg = Release|Win32
		{A9F558D3-D742-4B22-9B07-42B470969740}.Release|x86.Build.0 = Release|Win32
		{EBAE07A1-2318-45C5-AB98-F7731EAE53D3}.Debug|x64.ActiveCfg = Debug|x64
		{EBAE07A1-2318-45C5-AB98-F7731EAE53D3}.Debug|x64.Build.0 = Debug|x64
		{EBAE07A1-2318-45C5-AB98-F7731EAE53D3}.Debug|x86.ActiveCfg = Debug|Win32
		{EBAE07A1-2318-45C5-AB98-F7731EAE53D3}.Debug|x86.Build.0 = Debug|Win32
		{EBAE07A1-2318-45C5-AB98-F7731EAE53D3}.Release|x64.ActiveCfg = Release|x64
		{EBAE07A1-2318-45C5-AB98-F7731EAE53D3}.Release|x64.Build.0 = Release|x64
		{EBAE07A1-2318-45C5-AB98-F7731EAE53D3}.Release|x86.ActiveCfg = Release|Win32
		{EBAE07A1-2318-45C5-AB98-F7731EAE53D3}.Release|x86.Build.0 = Release|Win32
		{11E2B8B9-9B43-485A-8640-FA4583E5984C}.Debug|x64.ActiveCfg = Debug|x64
		{11E2B8B9-9B43-485A-8640-FA4583E5984C}.Debug|x64.Build.0 = Debug|x64
		{11E2B8B9-9B43-485A-8640-FA4583E5984C}.Debug|x86.ActiveCfg = Debug|Win32
		{11E2B8B9-9B43-485A-8640-FA4583E5984C}.Debug|x86.Build.0 = Debug|Win32
		{11E2B8B9-9B43-485A-8640-FA4583E5984C}.Release|x64.ActiveCfg = Release|x64
		{11E2B8B9-9B43-485A-8640-FA4583E5984C}.Release|x64.Build.0 = Release|x64
		{11E2B8B9-9B43-485A-8640-FA4583E5984C}.Release|x86.ActiveCfg = Release|Win32
		{11E2B8B9-9B43-485A-8640-FA4583E5984C}.Release|x86.Build.0 = Release|Win32
		{848A2041-376B-449F-BFD8-44613CE43CBC}.Debug|x64.ActiveCfg = Debug|x64
		{848A2041-376B-449F-BFD8-44613CE43CBC}.Debug|x64.Build.0 = Debug|x64
		{848A2041-376B-449F-BFD8-44613CE43CBC}.Debug|x86.ActiveCfg = Debug|Win32
		{848A2041-376B-449F-BFD8-44613CE43CBC}.Debug|x86.Build.0 = Debug|Win32
		{848A2041-376B-449F-BFD8-44613CE43CBC}.Release|x64.ActiveCfg = Release|x64
		{848A2041-376B-449F-BFD8-44613CE43CBC}.Release|x64.Build.0 = Release|x64
		{848A2041-376B-449F-BFD8-44613CE43CBC}.Release|x86.ActiveCfg = Release|Win32
		{848A2041-376B-449F-BFD8-44613CE43CBC}.Release|x86.Build.0 = Release|Win32
		{3832694C-1BAC-452A-841B-2CB5929D53ED}.Debug|x64.ActiveCfg = Debug|x64
		{3832694C-1BAC-452A-841B-2CB5929D53ED}.Debug|x64.Build.0 = Debug|x64
		{3832694C-1BAC-452A-841B-2CB5929D53ED}.Debug|x86.ActiveCfg = Debug|Win32
		{3832694C-1BAC-452A-841B-2CB5929D53ED}.Debug|x86.Build.0 = Debug|Win32
		{3832694C-1BAC-452A-841B-2CB5929D53ED}.Release|x64.ActiveCfg = Release|x64
		{3832694C-1BAC-452A-841B-2CB5929D53ED}.Release|x64.Build.0 = Release|x64
		{3832694C-1BAC-452A-841B-2CB5929D53ED}.Release|x86.ActiveCfg = Release|Win32
		{3832694C-1BAC-452A-841B-2CB5929D53ED}.Release|x86.Build.0 = Release|Win32
		{E8E80754-A033-477D-865E-CBF5F2201C4F}.Debug|x64.ActiveCfg = Debug|x64
		{E8E80754-A033-477D-865E-CBF5F2201C4F}.Debug|x64.Build.0 = Debug|x64
		{E8E80754-A033-477D-865E-CBF5F2201C4F}.Debug|x86.ActiveCfg = Debug|Win32
		{E8E80754-A033-477D-865E-CBF5F2201C4F}.Debug|x86.Build.0 = Debug|Win32
		{E8E80754-A033-477D-865E-CBF5F2201C4F}.Release|x64.ActiveCfg = Release|x64
		{E8E80754-A033-477D-865E-CBF5F2201C4F}.Release|x64.Build.0 = Release|x64
		{E8E80754-A033-477D-865E-CBF5F2201C4F}.Release|x86.ActiveCfg = Release|Win32
		{E8E80754-A033-477D-865E-CBF5F2201C4F}.Release|x86.Build.0 = Release|Win32
		{B1F2089E-5F73-47AD-A975-0E1A67A3211F}.Debug|x64.ActiveCfg = Debug|x64
		{B1F2089E-5F73-47AD-A975-0E1A67A3211F}.Debug|x64.Build.0 = Debug|x64
		{B1F2089E-5F73-47AD-A975-0E1A67A3211F}.Debug|x86.ActiveCfg = Debug|Win32
		{B1F2089E-5F73-47AD-A975-0E1A67A3211F}.Debug|x86.Build.0 = Debug|Win32
		{B1F2089E-5F73-47AD-A975-0E1A67A3211F}.Release|x64.ActiveCfg = Release|x64
		{B1F2089E-5F73-47AD-A975-0E1A67A3211F}.Release|x64.Build.0 = Release|x64
		{B1F2089E-5F73-47AD-A975-0E1A67A3211F}.Release|x86.ActiveCfg = Release|Win32
		{B1F2089E-5F73-47AD-A975-0E1A67A3211F}.Release|x86.Build.0 = Release|Win32
		{7A7FD90B-30EC-47CC-A405-830A77DB0202}.Debug|x64.ActiveCfg = Debug|x64
		{7A7FD90B-30EC-47CC-A405-830A77DB0202}.Debug|x64.Build.0 = Debug|x64
		{7A7FD90B-30EC-47CC-A405-830A77DB0202}.Debug|x86.ActiveCfg = Debug|Win32
		{7A7FD90B-30EC-47CC-A405-830A77DB0202}.Debug|x86.Build.0 = Debug|Win32
		{7A7FD90B-30EC-47CC-A405-830A77DB0202}.Release|x64.ActiveCfg = Release|x64
		{7A7FD90B-30EC-47CC-A405-830A77DB0202}.Release|x64.Build.0 = Release|x64
		{7A7FD90B-30EC-47CC-A405-830A77DB0202}.Release|x86.ActiveCfg = Release|Win32
		{7A7FD90B-30EC-47CC-A405-830A77DB0202}.Release|x86.Build.0 = Release|Win32
		{39E16042-E7C5-4DF2-A585-E9C4B6E6AA9D}.Debug|x64.ActiveCfg = Debug|x64
		{39E16042-E7C5-4DF2-A585-E9C4B6E6AA9D}.Debug|x64.Build.0 = Debug|x64
		{39E16042-E7C5-4DF2-A585-E9C4B6E6AA9D}.Debug|x86.ActiveCfg = Debug|Win32
		{39E16042-E7C5-4DF2-A585-E9C4B6E6AA9D}.Debug|x86.Build.0 = Debug|Win32
		{39E16042-E7C5-4DF2-A585-E9C4B6E6AA9D}.Release|x64.ActiveCfg = Release|x64
		{39E16042-E7C5-4DF2-A585-E9C4B6E6AA9D}.Release|x64.Build.0 = Release|x64
		{39E16042-E7C5-4DF2-A585-E9C4B6E6AA9D}.Release|x86.ActiveCfg = Release|Win32
		{39E16042-E7C5-4DF2-A585-E9C4B6E6AA9D}.Release|x86.Build.0 = Release|Win32
		{468E667B-3B10-44B8-A88D-4CE57B4758A5}.Debug|x64.ActiveCfg = Debug|x64
		{468E667B-3B10-44B8-A88D-4CE57B4758A5}.Debug|x64.Build.0 = Debug|x64
		{468E667B-3B10-44B8-A88D-4CE57B4758A5}.Debug|x86.ActiveCfg = Debug|Win32
		{468E667B-3B10-44B8-A88D-4CE57B4758A5}.Debug|x86.Build.0 = Debug|Win32
		{468E667B-3B10-44B8-A88D-4CE57B4758A5}.Release|x64.ActiveCfg = Release|x64
		{468E667B-3B10-44B8-A88D-4CE57B4758A5}.Release|x64.Build.0 = Release|x64
		{468E667B-3B10-44B8-A88D-4CE57B4758A5}.Release|x86.ActiveCfg = Release|Win32
		{468E667B-3B10-44B8-A88D-4CE57B4758A5}.Release|x86.Build.0 = Release|Win32
		{51B7E431-22E7-4CA0-B5BF-94CCC5756DB6}.Debug|x64.ActiveCfg = Debug|x64
		{51B7E431-22E7-4CA0-B5BF-94CCC5756DB6}.Debug|x64.Build.0 = Debug|x64
		{51B7E431-22E7-4CA0-B5BF-94CCC5756DB6}.Debug|x86.ActiveCfg = Debug|Win32
		{51B7E431-22E7-4CA0-B5BF-94CCC5756DB6}.Debug|x86.Build.0 = Debug|Win32
		{51B7E431-22E7-4CA0-B5BF-94CCC5756DB6}.Release|x64.ActiveCfg = Release|x64
		{51B7E431-22E7-4CA0-B5BF-94CCC5756DB6}.Release|x64.Build.0 = Release|x64
		{51B7E431-22E7-4CA0-B5BF-94CCC5756DB6}.Release|x86.ActiveCfg = Release|Win32
		{51B7E431-22E7-4CA0-B5BF-94CCC5756DB6}.Release|x86.Build.0 = Release|Win32
		{0D5DE353-F141-406F-86DA-76B0DCF36077}.Debug|x64.ActiveCfg = Debug|x64
		{0D5DE353-F141-406F-86DA-76B0DCF36077}.Debug|x64.Build.0 = Debug|x64
		{0D5DE353-F141-406F-86DA-76B0DCF36077}.Debug|x86.ActiveCfg = Debug|Win32
		{0D5DE353-F141-406F-86DA-76B0DCF36077}.Debug|x86.Build.0 = Debug|Win32
		{0D5DE353-F141-406F-86DA-76B0DCF36077}.Release|x64.ActiveCfg = Release|x64
		{0D5DE353-F141-406F-86DA-76B0DCF36077}.Release|x64.Build.0 = Release|x64
		{0D5DE353-F141-406F-86DA-76B0DCF36077}.Release|x86.ActiveCfg = Release|Win32
		{0D5DE353-F141-406F-86DA-76B0DCF36077}.Release|x86.Build.0 = Release|Win32
		{8FA2DF15-0DB7-47F4-B249-10ECAC9A2515}.Debug|x64.ActiveCfg = Debug|x64
		{8FA2DF15-0DB7-47F4-B249-10ECAC9A2515}.Debug|x64.Build.0 = Debug|x64
		{8FA2DF15-0DB7-47F4-B249-10ECAC9A2515}.Debug|x86.ActiveCfg = Debug|Win32
		{8FA2DF15-0DB7-47F4-B249-10ECAC9A2515}.Debug|x86.Build.0 = Debug|Win32
		{8FA2DF15-0DB7-47F4-B249-10ECAC9A2515}.Release|x64.ActiveCfg = Release|x64
		{8FA2DF15-0DB7-47F4-B249-10ECAC9A2515}.Release|x64.Build.0 = Release|x64
		{8FA2DF15-0DB7-47F4-B249-10ECAC9A2515}.Release|x86.ActiveCfg = Release|Win32
		{8FA2DF15-0DB7-47F4-B249-10ECAC9A2515}.Release|x86.Build.0 = Release|Win32
		{5D582483-A3AA-4E3D-9A44-7C31BDE09A24}.Debug|x64.ActiveCfg = Debug|x64
		{5D582483-A3AA-4E3D-9A44-7C31BDE09A24}.Debug|x64.Build.0 = Debug|x64
		{5D582483-A3AA-4E3D-9A44-7C31BDE09A24}.Debug|x86.ActiveCfg = Debug|Win32
		{5D582483-A3AA-4E3D-9A44-7C31BDE09A24}.Debug|x86.Build.0 = Debug|Win32
		{5D582483-A3AA-4E3D-9A44-7C31BDE09A24}.Release|x64.ActiveCfg = Release|x64
		{5D582483-A3AA-4E3D-9A44-7C31BDE09A24}.Release|x64.Build.0 = Release|x64
		{5D582483-A3AA-4E3D-9A44-7C31BDE09A24}.Release|x86.ActiveCfg = Release|Win32
		{5D582483-A3AA-4E3D-9A44-7C31BDE09A24}.Release|x86.Build.0 = Release|Win32
		{D0921249-639A-4BDF-AB4A-4EEE649E108B}.Debug|x64.ActiveCfg = Debug|x64
		{D0921249-639A-4BDF-AB4A-4EEE649E108B}.Debug|x64.Build.0 = Debug|x64
		{D0921249-639A-4BDF-AB4A-4EEE649E108B}.Debug|x86.ActiveCfg = Debug|Win32
		{D0921249-639A-4BDF-AB4A-4EEE649E108B}.Debug|x86.Build.0 = Debug|Win32
		{D0921249-639A-4BDF-AB4A-4EEE649E108B}.Release|x64.ActiveCfg = Release|x64
		{D0921249-639A-4BDF-AB4A-4EEE649E108B}.Release|x64.Build.0 = Release|x64
		{D0921249-639A-4BDF-AB4A-4EEE649E108B}.Release|x86.ActiveCfg = Release|Win32
		{D0921249-639A-4BDF-AB4A-4EEE649E108B}.Release|x86.Build.0 = Release|Win32
		{B9E1D476-6F67-472D-B49A-2EADCE48214C}.Debug|x64.ActiveCfg = Debug|x64
		{B9E1D476-6F67-472D-B49A-2EADCE48214C}.Debug|x64.Build.0 = Debug|x64
		{B9E1D476-6F67-472D-B49A-2EADCE48214C}.Debug|x86.ActiveCfg = Debug|Win32
		{B9E1D476-6F67-472D-B49A-2EADCE48214C}.Debug|x86.Build.0 = Debug|Win32
		{B9E1D476-6F67-472D-B49A-2EADCE48214C}.Release|x64.ActiveCfg = Release|x64
		{B9E1D476-6F67-472D-B49A-2EADCE48214C}.Release|x64.Build.0 = Release|x64
		{B9E1D476-6F67-472D-B49A-2EADCE48214C}.Release|x86.ActiveCfg = Release|Win32
		{B9E1D476-6F67-472D-B49A-2EADCE48214C}.Release|x86.Build.0 = Release|Win32
		{CE274901-80CE-4552-9E5B-041A921FABDB}.Debug|x64.ActiveCfg = Debug|x64
		{CE274901-80CE-4552-9E5B-041A921FABDB}.Debug|x64.Build.0 = Debug|x64
		{CE274901-80CE-4552-9E5B-041A921FABDB}.Debug|x86.ActiveCfg = Debug|Win32
		{CE274901-80CE-4552-9E5B-041A921FABDB}.Debug|x86.Build.0 = Debug|Win32
		{CE274901-80CE-4552-9E5B-041A921FABDB}.Release|x64.ActiveCfg = Release|x64
		{CE274901-80CE-4552-9E5B-041A921FABDB}.Release|x64.Build.0 = Release|x64
		{CE274901-80CE-4552-9E5B-041A921FABDB}.Release|x86.ActiveCfg = Release|Win32
		{CE274901-80CE-4552-9E5B-041A921FABDB}.Release|x86.Build.0 = Release|Win32
		{2113C01F-0AF2-4978-BB36-B5F409401B47}.Debug|x64.ActiveCfg = Debug|x64
		{2113C01F-0AF2-4978-BB36-B5F409401B47}.Debug|x64.Build.0 = Debug|x64
		{2113C01F-0AF2-4978-BB36-B5F409401B47}.Debug|x86.ActiveCfg = Debug|Win32
		{2113C01F-0AF2-4978-BB36-B5F409401B47}.Debug|x86.Build.0 = Debug|Win32
		{2113C01F-0AF2-4978-BB36-B5F409401B47}.Release|x64.ActiveCfg = Release|x64
		{2113C01F-0AF2-4978-BB36-B5F409401B47}.Release|x64.Build.0 = Release|x64
		{2113C01F-0AF2-4978-BB36-B5F409401B47}.Release|x86.ActiveCfg = Release|Win32
		{2113C01F-0AF2-4978-BB36-B5F409401B47}.Release|x86.Build.0 = Release|Win32
		{BFF473A0-94E9-4BC1-85FC-7592E60ACFC5}.Debug|x64.ActiveCfg = Debug|x64
		{BFF473A0-94E9-4BC1-85FC-7592E60ACFC5}.Debug|x64.Build.0 = Debug|x64
		{BFF473A0-94E9-4BC1-85FC-7592E60ACFC5}.Debug|x86.ActiveCfg = Debug|Win32
		{BFF473A0-94E9-4BC1-85FC-7592E60ACFC5}.Debug|x86.Build.0 = Debug|Win32
		{BFF473A0-94E9-4BC1-85FC-7592E60ACFC5}.Release|x64.ActiveCfg = Release|x64
		{BFF473A0-94E9-4BC1-85FC-7592E60ACFC5}.Release|x64.Build.0 = Release|x64
		{BFF473A0-94E9-4BC1-85FC-7592E60ACFC5}.Release|x86.ActiveCfg = Release|Win32
		{BFF473A0-94E9-4BC1-85FC-7592E60ACFC5}.Release|x86.Build.0 = Release|Win32
		{93DDD2D3-EDD7-476C-BEA8-0523CFE9B908}.Debug|x64.ActiveCfg = Debug|x64
		{93DDD2D3-EDD7-476C-BEA8-0523CFE9B908}.Debug|x64.Build.0 = Debug|x64
		{93DDD2D3-EDD7-476C-BEA8-0523CFE9B908}.Debug|x86.ActiveCfg = Debug|Win32
		{93DDD2D3-EDD7-476C-BEA8-0523CFE9B908}.Debug|x86.Build.0 = Debug|Win32
		{93DDD2D3-EDD7-476C-BEA8-0523CFE9B908}.Release|x64.ActiveCfg = Release|x64
		{93DDD2D3-EDD7-476C-BEA8-0523CFE9B908}.Release|x64.Build.0 = Release|x64
		{93DDD2D3-EDD7-476C-BEA8-0523CFE9B908}.Release|x86.ActiveCfg = Release|Win32
		{93DDD2D3-EDD7-476C-BEA8-0523CFE9B908}.Release|x86.Build.0 = Release|Win32
		{FDC49F6A-09D0-453C-95FC-EE1FF1547D08}.Debug|x64.ActiveCfg = Debug|x64
		{FDC49F6A-09D0-453C-95FC-EE1FF1547D08}.Debug|x64.Build.0 = Debug|x64
		{FDC49F6A-09D0-453C-95FC-EE1FF1547D08}.Debug|x86.ActiveCfg = Debug|Win32
		{FDC49F6A-09D0-453C-95FC-EE1FF1547D08}.Debug|x86.Build.0 = Debug|Win32
		{FDC49F6A-09D0-453C-95FC-EE1FF1547D08}.Release|x64.ActiveCfg = Release|x64
		{FDC49F6A-09D0-453C-95FC-EE1FF1547D08}.Release|x64.Build.0 = Release|x64
		{FDC49F6A-09D0-453C-95FC-EE1FF1547D08}.Release|x86.ActiveCfg = Release|Win32
		{FDC49F6A-09D0-453C-95FC-EE1FF1547D08}.Release|x86.Build.0 = Release|Win32
		{EC33AC53-321F-423D-80E6-51DD0AFD9D84}.Debug|x64.ActiveCfg = Debug|x64
		{EC33AC53-321F-423D-80E6-51DD0AFD9D84}.Debug|x64.Build.0 = Debug|x64
		{EC33AC53-321F-423D-80E6-51DD0AFD9D84}.Debug|x86.ActiveCfg = Debug|Win32
		{EC33AC53-321F-423D-80E6-51DD0AFD9D84}.Debug|x86.Build.0 = Debug|Win32
		{EC33AC53-321F-423D-80E6-51DD0AFD9D84}.Release|x64.ActiveCfg = Release|x64
		{EC33AC53-321F-423D-80E6-51DD0AFD9D84}.Release|x64.Build.0 = Release|x64
		{EC33AC53-321F-423D-80E6-51DD0AFD9D84}.Release|x86.ActiveCfg = Release|Win32
		{EC33AC53-321F-423D-80E6-51DD0AFD9D84}.Release|x86.Build.0 = Release|Win32
	EndGlobalSection
	GlobalSection(SolutionProperties) = preSolution
		HideSolutionNode = FALSE
	EndGlobalSection
	GlobalSection(ExtensibilityGlobals) = postSolution
		SolutionGuid = {6D592556-0051-42EC-8D99-EDA8437175D8}
	EndGlobalSection
EndGlobal
